Microsoft Visual Studio Solution File, Format Version 12.00
# Visual Studio Version 17
VisualStudioVersion = 17.5.2.0
MinimumVisualStudioVersion = 10.0.40219.1
Project("{FAE04EC0-301F-11D3-BF4B-00C04F79EFBC}") = "Arcane Weaver", "Arcane Weaver.csproj", "{6EEFD0E5-D2CF-B808-364B-D8F486D3BC86}"
EndProject
Global
	GlobalSection(SolutionConfigurationPlatforms) = preSolution
		Debug|Any CPU = Debug|Any CPU
		Release|Any CPU = Release|Any CPU
	EndGlobalSection
	GlobalSection(ProjectConfigurationPlatforms) = postSolution
		{6EEFD0E5-D2CF-B808-364B-D8F486D3BC86}.Debug|Any CPU.ActiveCfg = Debug|Any CPU
		{6EEFD0E5-D2CF-B808-364B-D8F486D3BC86}.Debug|Any CPU.Build.0 = Debug|Any CPU
		{6EEFD0E5-D2CF-B808-364B-D8F486D3BC86}.Release|Any CPU.ActiveCfg = Release|Any CPU
		{6EEFD0E5-D2CF-B808-364B-D8F486D3BC86}.Release|Any CPU.Build.0 = Release|Any CPU
	EndGlobalSection
	GlobalSection(SolutionProperties) = preSolution
		HideSolutionNode = FALSE
	EndGlobalSection
	GlobalSection(ExtensibilityGlobals) = postSolution
		SolutionGuid = {0AD5BE20-73DC-41AC-826D-78DEF1CD55AD}
	EndGlobalSection
EndGlobal
